
Microsoft Visual Studio Solution File, Format Version 12.00
# Visual Studio 14
VisualStudioVersion = 14.0.23107.0
MinimumVisualStudioVersion = 10.0.40219.1
Project("{FAE04EC0-301F-11D3-BF4B-00C04F79EFBC}") = "3x3 Slot Machine", "3x3 Slot Machine\3x3 Slot Machine.csproj", "{0ACD3429-2F36-40A8-9394-A1F2FC3CBD53}"
EndProject
Global
	GlobalSection(SolutionConfigurationPlatforms) = preSolution
		Debug|Any CPU = Debug|Any CPU
		Release|Any CPU = Release|Any CPU
	EndGlobalSection
	GlobalSection(ProjectConfigurationPlatforms) = postSolution
		{0ACD3429-2F36-40A8-9394-A1F2FC3CBD53}.Debug|Any CPU.ActiveCfg = Debug|Any CPU
		{0ACD3429-2F36-40A8-9394-A1F2FC3CBD53}.Debug|Any CPU.Build.0 = Debug|Any CPU
		{0ACD3429-2F36-40A8-9394-A1F2FC3CBD53}.Release|Any CPU.ActiveCfg = Release|Any CPU
		{0ACD3429-2F36-40A8-9394-A1F2FC3CBD53}.Release|Any CPU.Build.0 = Release|Any CPU
	EndGlobalSection
	GlobalSection(SolutionProperties) = preSolution
		HideSolutionNode = FALSE
	EndGlobalSection
EndGlobal
